{
  "lockfileVersion": 1,
  "workspaces": {
    "": {
      "name": "admin-kit",
      "devDependencies": {
        "@biomejs/biome": "^2.3.0",
        "typescript": "^5.9.0",
      },
    },
    "packages/shared": {
      "name": "@admin-kit/shared",
      "dependencies": {
        "@sinclair/typebox": "^0.34.8",
        "drizzle-orm": "^0.45.0",
        "drizzle-typebox": "^0.3.0",
      },
      "devDependencies": {
        "typescript": "^5.9.0",
      },
    },
  },
  "packages": {
    "@admin-kit/shared": ["@admin-kit/shared@workspace:packages/shared"],

    "@biomejs/biome": ["@biomejs/biome@2.4.16", "", { "optionalDependencies": { "@biomejs/cli-darwin-arm64": "2.4.16", "@biomejs/cli-darwin-x64": "2.4.16", "@biomejs/cli-linux-arm64": "2.4.16", "@biomejs/cli-linux-arm64-musl": "2.4.16", "@biomejs/cli-linux-x64": "2.4.16", "@biomejs/cli-linux-x64-musl": "2.4.16", "@biomejs/cli-win32-arm64": "2.4.16", "@biomejs/cli-win32-x64": "2.4.16" }, "bin": { "biome": "bin/biome" } }, "sha512-x9ajFh1zChVybCiM3TN6OD4phAqLgtPZjFrZF+aTMYCPjwBO+k529TX7PPsAqtGNLeV4UgzwQnowEgS7bGmzcA=="],

    "@biomejs/cli-darwin-arm64": ["@biomejs/cli-darwin-arm64@2.4.16", "", { "os": "darwin", "cpu": "arm64" }, "sha512-wxPvu4XOA85YJk9ixSWUmq/QBHbid85BISbOAqqBM/5xQpPk9ayjk5375tOlSC0BeCwNSbPFafQBm+vBumXq0A=="],

    "@biomejs/cli-darwin-x64": ["@biomejs/cli-darwin-x64@2.4.16", "", { "os": "darwin", "cpu": "x64" }, "sha512-xFCqGPwYusQJp4N4NJLi1XJiZqjwFdjhT+KqtNy+Ug3qgfczqnTa6MSDvxJF6TkuDLoYJItMapz6tAf7kCekFw=="],

    "@biomejs/cli-linux-arm64": ["@biomejs/cli-linux-arm64@2.4.16", "", { "os": "linux", "cpu": "arm64" }, "sha512-2kFb4//jxfZaP6D+Rj5VkHkxgyD9EoRAVBEQb8PKRv+s4NO2zYNJKXFaJmK1CmhufJOWEfpHKaRbOja7qjmdhQ=="],

    "@biomejs/cli-linux-arm64-musl": ["@biomejs/cli-linux-arm64-musl@2.4.16", "", { "os": "linux", "cpu": "arm64" }, "sha512-oYxnW0ARfJkr72ezzF2OR8N/rtkgLUQeYtF8cFhVswbknHxtTcmzSsanVJP8yQKnGpGpc2ck6c5zLvHahL6Cbg=="],

    "@biomejs/cli-linux-x64": ["@biomejs/cli-linux-x64@2.4.16", "", { "os": "linux", "cpu": "x64" }, "sha512-NbcBbi/nJqn5baae6wqRXdS7Gadf2uRpehSh6vMSYpG8OhkXl/Xg8aorWrJ+9VWqAT5ml90alLvorkpMW0nBwQ=="],

    "@biomejs/cli-linux-x64-musl": ["@biomejs/cli-linux-x64-musl@2.4.16", "", { "os": "linux", "cpu": "x64" }, "sha512-iHDS+MCM65DPqWGu+ECC3uoALyj2H7F4nVUPxIPjz/PIl94EUu+EDfGZDzFP+NY1EOPVt9NQvwFqq7HdMmowdg=="],

    "@biomejs/cli-win32-arm64": ["@biomejs/cli-win32-arm64@2.4.16", "", { "os": "win32", "cpu": "arm64" }, "sha512-0rgImMsNb5v/chhkIFe3wu7PEFClS6RBAYUijGL9UsYN3PanSaoK24HSSuSJb1pYbYYVjzAyZTl3gtjJ84BM8A=="],

    "@biomejs/cli-win32-x64": ["@biomejs/cli-win32-x64@2.4.16", "", { "os": "win32", "cpu": "x64" }, "sha512-Kp85jgoBHa05gix6UIRjfCDiUV3w/8VIdZ247VyyO2gEjaw12WEVhdIjlxp/AMzXxqxQwbxNTDVZ3Mwd2RG5rw=="],

    "@sinclair/typebox": ["@sinclair/typebox@0.34.49", "", {}, "sha512-brySQQs7Jtn0joV8Xh9ZV/hZb9Ozb0pmazDIASBkYKCjXrXU3mpcFahmK/z4YDhGkQvP9mWJbVyahdtU5wQA+A=="],

    "drizzle-orm": ["drizzle-orm@0.45.2", "", { "peerDependencies": { "@aws-sdk/client-rds-data": ">=3", "@cloudflare/workers-types": ">=4", "@electric-sql/pglite": ">=0.2.0", "@libsql/client": ">=0.10.0", "@libsql/client-wasm": ">=0.10.0", "@neondatabase/serverless": ">=0.10.0", "@op-engineering/op-sqlite": ">=2", "@opentelemetry/api": "^1.4.1", "@planetscale/database": ">=1.13", "@prisma/client": "*", "@tidbcloud/serverless": "*", "@types/better-sqlite3": "*", "@types/pg": "*", "@types/sql.js": "*", "@upstash/redis": ">=1.34.7", "@vercel/postgres": ">=0.8.0", "@xata.io/client": "*", "better-sqlite3": ">=7", "bun-types": "*", "expo-sqlite": ">=14.0.0", "gel": ">=2", "knex": "*", "kysely": "*", "mysql2": ">=2", "pg": ">=8", "postgres": ">=3", "sql.js": ">=1", "sqlite3": ">=5" }, "optionalPeers": ["@aws-sdk/client-rds-data", "@cloudflare/workers-types", "@electric-sql/pglite", "@libsql/client", "@libsql/client-wasm", "@neondatabase/serverless", "@op-engineering/op-sqlite", "@opentelemetry/api", "@planetscale/database", "@prisma/client", "@tidbcloud/serverless", "@types/better-sqlite3", "@types/pg", "@types/sql.js", "@upstash/redis", "@vercel/postgres", "@xata.io/client", "better-sqlite3", "bun-types", "expo-sqlite", "gel", "knex", "kysely", "mysql2", "pg", "postgres", "sql.js", "sqlite3"] }, "sha512-kY0BSaTNYWnoDMVoyY8uxmyHjpJW1geOmBMdSSicKo9CIIWkSxMIj2rkeSR51b8KAPB7m+qysjuHme5nKP+E5Q=="],

    "drizzle-typebox": ["drizzle-typebox@0.3.3", "", { "peerDependencies": { "@sinclair/typebox": ">=0.34.8", "drizzle-orm": ">=0.36.0" } }, "sha512-iJpW9K+BaP8+s/ImHxOFVjoZk9G5N/KXFTOpWcFdz9SugAOWv2fyGaH7FmqgdPo+bVNYQW0OOI3U9dkFIVY41w=="],

    "typescript": ["typescript@5.9.3", "", { "bin": { "tsc": "bin/tsc", "tsserver": "bin/tsserver" } }, "sha512-jl1vZzPDinLr9eUt3J/t7V6FgNEw9QjvBPdysz9KfQDD41fQrC2Y4vKQdiaUpFT4bXlb1RHhLpp8wtm6M5TgSw=="],
  }
}
